
Microsoft Visual Studio Solution File, Format Version 12.00
# Visual Studio Version 17
VisualStudioVersion = 17.12.35506.116 d17.12
MinimumVisualStudioVersion = 10.0.40219.1
Project("{FAE04EC0-301F-11D3-BF4B-00C04F79EFBC}") = "Daylon.Padaria.Estoque", "Daylon.Padaria.Estoque.csproj", "{4110D49B-A748-4DA5-BC16-3FB848987CB6}"
EndProject
Project("{FAE04EC0-301F-11D3-BF4B-00C04F79EFBC}") = "Daylon.Padaria.Estoque.Domain", "..\Daylon.Padaria.Estoque.Domain\Daylon.Padaria.Estoque.Domain.csproj", "{937E394E-72B9-4E24-B0F7-ED9ECE809E99}"
EndProject
Project("{FAE04EC0-301F-11D3-BF4B-00C04F79EFBC}") = "Daylon.Padaria.Estoque.Infrastructure", "..\Daylon.Padaria.Estoque.Infrastructure\Daylon.Padaria.Estoque.Infrastructure.csproj", "{A2F612F7-C96E-4DD1-90D3-D450977AD614}"
EndProject
Project("{FAE04EC0-301F-11D3-BF4B-00C04F79EFBC}") = "Daylon.Padaria.Estoque.Application", "..\Daylon.Padaria.Estoque.Application\Daylon.Padaria.Estoque.Application.csproj", "{95E2F637-5CD9-4DDD-A7F3-FDB41DDB38DC}"
EndProject
Global
	GlobalSection(SolutionConfigurationPlatforms) = preSolution
		Debug|Any CPU = Debug|Any CPU
		Release|Any CPU = Release|Any CPU
	EndGlobalSection
	GlobalSection(ProjectConfigurationPlatforms) = postSolution
		{4110D49B-A748-4DA5-BC16-3FB848987CB6}.Debug|Any CPU.ActiveCfg = Debug|Any CPU
		{4110D49B-A748-4DA5-BC16-3FB848987CB6}.Debug|Any CPU.Build.0 = Debug|Any CPU
		{4110D49B-A748-4DA5-BC16-3FB848987CB6}.Release|Any CPU.ActiveCfg = Release|Any CPU
		{4110D49B-A748-4DA5-BC16-3FB848987CB6}.Release|Any CPU.Build.0 = Release|Any CPU
		{937E394E-72B9-4E24-B0F7-ED9ECE809E99}.Debug|Any CPU.ActiveCfg = Debug|Any CPU
		{937E394E-72B9-4E24-B0F7-ED9ECE809E99}.Debug|Any CPU.Build.0 = Debug|Any CPU
		{937E394E-72B9-4E24-B0F7-ED9ECE809E99}.Release|Any CPU.ActiveCfg = Release|Any CPU
		{937E394E-72B9-4E24-B0F7-ED9ECE809E99}.Release|Any CPU.Build.0 = Release|Any CPU
		{A2F612F7-C96E-4DD1-90D3-D450977AD614}.Debug|Any CPU.ActiveCfg = Debug|Any CPU
		{A2F612F7-C96E-4DD1-90D3-D450977AD614}.Debug|Any CPU.Build.0 = Debug|Any CPU
		{A2F612F7-C96E-4DD1-90D3-D450977AD614}.Release|Any CPU.ActiveCfg = Release|Any CPU
		{A2F612F7-C96E-4DD1-90D3-D450977AD614}.Release|Any CPU.Build.0 = Release|Any CPU
		{95E2F637-5CD9-4DDD-A7F3-FDB41DDB38DC}.Debug|Any CPU.ActiveCfg = Debug|Any CPU
		{95E2F637-5CD9-4DDD-A7F3-FDB41DDB38DC}.Debug|Any CPU.Build.0 = Debug|Any CPU
		{95E2F637-5CD9-4DDD-A7F3-FDB41DDB38DC}.Release|Any CPU.ActiveCfg = Release|Any CPU
		{95E2F637-5CD9-4DDD-A7F3-FDB41DDB38DC}.Release|Any CPU.Build.0 = Release|Any CPU
	EndGlobalSection
	GlobalSection(SolutionProperties) = preSolution
		HideSolutionNode = FALSE
	EndGlobalSection
EndGlobal
